# This file is @generated by PDM.
# It is not intended for manual editing.

[[package]]
name = "six"
version = "1.16.0"
requires_python = ">=2.7, !=3.0.*, !=3.1.*, !=3.2.*"
summary = "Python 2 and 3 compatibility utilities"

[[package]]
name = "thrift"
version = "0.16.0"
summary = "Python bindings for the Apache Thrift RPC system"
dependencies = [
    "six>=1.7.2",
]

[metadata]
lock_version = "4.2"
cross_platform = true
groups = ["default"]
content_hash = "sha256:23a6fc6633453aa6c497725775e7a76ab91510984afa8d81c633c43c8ee031ee"

[metadata.files]
"six 1.16.0" = [
    {url = "https://files.pythonhosted.org/packages/71/39/171f1c67cd00715f190ba0b100d606d440a28c93c7714febeca8b79af85e/six-1.16.0.tar.gz", hash = "sha256:1e61c37477a1626458e36f7b1d82aa5c9b094fa4802892072e49de9c60c4c926"},
    {url = "https://files.pythonhosted.org/packages/d9/5a/e7c31adbe875f2abbb91bd84cf2dc52d792b5a01506781dbcf25c91daf11/six-1.16.0-py2.py3-none-any.whl", hash = "sha256:8abb2f1d86890a2dfb989f9a77cfcfd3e47c2a354b01111771326f8aa26e0254"},
]
"thrift 0.16.0" = [
    {url = "https://files.pythonhosted.org/packages/e4/23/dd951c9883cb49a73b750bdfe91e39d78e8a3f1f7175608634f381a197d5/thrift-0.16.0.tar.gz", hash = "sha256:2b5b6488fcded21f9d312aa23c9ff6a0195d0f6ae26ddbd5ad9e3e25dfc14408"},
]
